
Microsoft Visual Studio Solution File, Format Version 12.00
# Visual Studio Version 17
VisualStudioVersion = 17.0.32014.148
MinimumVisualStudioVersion = 10.0.40219.1
Project("{9A19103F-16F7-4668-BE54-9A1E7A4F7556}") = "SlackNotification", "src\SlackNotification\SlackNotification.csproj", "{896A4088-892A-44BD-A855-AD907DA122B6}"
EndProject
Project("{9A19103F-16F7-4668-BE54-9A1E7A4F7556}") = "SlackNotification.Tests", "test\SlackNotification.Tests\SlackNotification.Tests.csproj", "{7FC64551-2A25-4BF0-A6D5-5F4DEE516CEC}"
EndProject
Global
	GlobalSection(SolutionConfigurationPlatforms) = preSolution
		Debug|Any CPU = Debug|Any CPU
		Release|Any CPU = Release|Any CPU
	EndGlobalSection
	GlobalSection(ProjectConfigurationPlatforms) = postSolution
		{896A4088-892A-44BD-A855-AD907DA122B6}.Debug|Any CPU.ActiveCfg = Debug|Any CPU
		{896A4088-892A-44BD-A855-AD907DA122B6}.Debug|Any CPU.Build.0 = Debug|Any CPU
		{896A4088-892A-44BD-A855-AD907DA122B6}.Release|Any CPU.ActiveCfg = Release|Any CPU
		{896A4088-892A-44BD-A855-AD907DA122B6}.Release|Any CPU.Build.0 = Release|Any CPU
		{7FC64551-2A25-4BF0-A6D5-5F4DEE516CEC}.Debug|Any CPU.ActiveCfg = Debug|Any CPU
		{7FC64551-2A25-4BF0-A6D5-5F4DEE516CEC}.Debug|Any CPU.Build.0 = Debug|Any CPU
		{7FC64551-2A25-4BF0-A6D5-5F4DEE516CEC}.Release|Any CPU.ActiveCfg = Release|Any CPU
		{7FC64551-2A25-4BF0-A6D5-5F4DEE516CEC}.Release|Any CPU.Build.0 = Release|Any CPU
	EndGlobalSection
	GlobalSection(SolutionProperties) = preSolution
		HideSolutionNode = FALSE
	EndGlobalSection
	GlobalSection(ExtensibilityGlobals) = postSolution
		SolutionGuid = {AE226D68-E533-4050-9688-C1A0DF0E90F0}
	EndGlobalSection
EndGlobal
